
Microsoft Visual Studio Solution File, Format Version 12.00
# Visual Studio Version 16
VisualStudioVersion = 16.0.30621.155
MinimumVisualStudioVersion = 10.0.40219.1
Project("{FAE04EC0-301F-11D3-BF4B-00C04F79EFBC}") = "ClassesAndObjectsCriticalThinking", "ClassesAndObjectsCriticalThinking\ClassesAndObjectsCriticalThinking.csproj", "{191217DC-B5C7-47EC-912E-8F9F0885AAE8}"
EndProject
Global
	GlobalSection(SolutionConfigurationPlatforms) = preSolution
		Debug|Any CPU = Debug|Any CPU
		Release|Any CPU = Release|Any CPU
	EndGlobalSection
	GlobalSection(ProjectConfigurationPlatforms) = postSolution
		{191217DC-B5C7-47EC-912E-8F9F0885AAE8}.Debug|Any CPU.ActiveCfg = Debug|Any CPU
		{191217DC-B5C7-47EC-912E-8F9F0885AAE8}.Debug|Any CPU.Build.0 = Debug|Any CPU
		{191217DC-B5C7-47EC-912E-8F9F0885AAE8}.Release|Any CPU.ActiveCfg = Release|Any CPU
		{191217DC-B5C7-47EC-912E-8F9F0885AAE8}.Release|Any CPU.Build.0 = Release|Any CPU
	EndGlobalSection
	GlobalSection(SolutionProperties) = preSolution
		HideSolutionNode = FALSE
	EndGlobalSection
	GlobalSection(ExtensibilityGlobals) = postSolution
		SolutionGuid = {2456A905-BFBB-4B63-9BFB-2F1517E02E02}
	EndGlobalSection
EndGlobal
